// !$*UTF8*$!
{
	archiveVersion = 1;
	classes = {
	};
	objectVersion = 46;
	objects = {

/* Begin PBXBuildFile section */
		5E00FC071BD5F276001316E2 /* ConversationListViewController.swift in Sources */ = {isa = PBXBuildFile; fileRef = 5E00FC061BD5F276001316E2 /* ConversationListViewController.swift */; settings = {ASSET_TAGS = (); }; };
		5E1CE9311BDA2699003FA036 /* Main.storyboard in Resources */ = {isa = PBXBuildFile; fileRef = 5E1CE9301BDA2699003FA036 /* Main.storyboard */; settings = {ASSET_TAGS = (); }; };
		5E1CE9351BDA289D003FA036 /* service.storyboard in Resources */ = {isa = PBXBuildFile; fileRef = 5E1CE9341BDA289D003FA036 /* service.storyboard */; settings = {ASSET_TAGS = (); }; };
		5E1CE9391BDA2C74003FA036 /* about.storyboard in Resources */ = {isa = PBXBuildFile; fileRef = 5E1CE9381BDA2C74003FA036 /* about.storyboard */; settings = {ASSET_TAGS = (); }; };
		5E2B55D31BD4ECA700FF5BEE /* ConvsersationViewController.swift in Sources */ = {isa = PBXBuildFile; fileRef = 5E2B55D21BD4ECA700FF5BEE /* ConvsersationViewController.swift */; settings = {ASSET_TAGS = (); }; };
		5E680C7D1BD8C51700835E18 /* conversation.storyboard in Resources */ = {isa = PBXBuildFile; fileRef = 5E680C7B1BD8C51700835E18 /* conversation.storyboard */; settings = {ASSET_TAGS = (); }; };
		5E680C7F1BD8C53E00835E18 /* contact.storyboard in Resources */ = {isa = PBXBuildFile; fileRef = 5E680C7E1BD8C53E00835E18 /* contact.storyboard */; settings = {ASSET_TAGS = (); }; };
		5E75E260E302906BBFDDB270 /* libPods.a in Frameworks */ = {isa = PBXBuildFile; fileRef = 5D0B5F913B9831C21A9F1A10 /* libPods.a */; };
		5EB3EBF01BD49B07006A55AA /* AppDelegate.swift in Sources */ = {isa = PBXBuildFile; fileRef = 5EB3EBEF1BD49B07006A55AA /* AppDelegate.swift */; };
		5EB3EBF21BD49B07006A55AA /* ViewController.swift in Sources */ = {isa = PBXBuildFile; fileRef = 5EB3EBF11BD49B07006A55AA /* ViewController.swift */; };
		5EB3EBF71BD49B07006A55AA /* Assets.xcassets in Resources */ = {isa = PBXBuildFile; fileRef = 5EB3EBF61BD49B07006A55AA /* Assets.xcassets */; };
		5EB3EBFA1BD49B07006A55AA /* LaunchScreen.storyboard in Resources */ = {isa = PBXBuildFile; fileRef = 5EB3EBF81BD49B07006A55AA /* LaunchScreen.storyboard */; };
		5EB3EC021BD49B19006A55AA /* Podfile in Resources */ = {isa = PBXBuildFile; fileRef = 5EB3EC011BD49B19006A55AA /* Podfile */; settings = {ASSET_TAGS = (); }; };
/* End PBXBuildFile section */

/* Begin PBXFileReference section */
		0FA0407436693BAFA041020E /* Pods.release.xcconfig */ = {isa = PBXFileReference; includeInIndex = 1; lastKnownFileType = text.xcconfig; name = Pods.release.xcconfig; path = "Pods/Target Support Files/Pods/Pods.release.xcconfig"; sourceTree = "<group>"; };
		5D0B5F913B9831C21A9F1A10 /* libPods.a */ = {isa = PBXFileReference; explicitFileType = archive.ar; includeInIndex = 0; path = libPods.a; sourceTree = BUILT_PRODUCTS_DIR; };
		5E00FC061BD5F276001316E2 /* ConversationListViewController.swift */ = {isa = PBXFileReference; fileEncoding = 4; lastKnownFileType = sourcecode.swift; path = ConversationListViewController.swift; sourceTree = "<group>"; };
		5E1CE9301BDA2699003FA036 /* Main.storyboard */ = {isa = PBXFileReference; fileEncoding = 4; lastKnownFileType = file.storyboard; path = Main.storyboard; sourceTree = "<group>"; };
		5E1CE9341BDA289D003FA036 /* service.storyboard */ = {isa = PBXFileReference; fileEncoding = 4; lastKnownFileType = file.storyboard; path = service.storyboard; sourceTree = "<group>"; };
		5E1CE9381BDA2C74003FA036 /* about.storyboard */ = {isa = PBXFileReference; fileEncoding = 4; lastKnownFileType = file.storyboard; path = about.storyboard; sourceTree = "<group>"; };
		5E2B55CF1BD49B9C00FF5BEE /* CanXin1-Bridging-Header.h */ = {isa = PBXFileReference; lastKnownFileType = sourcecode.c.h; path = "CanXin1-Bridging-Header.h"; sourceTree = "<group>"; };
		5E2B55D21BD4ECA700FF5BEE /* ConvsersationViewController.swift */ = {isa = PBXFileReference; fileEncoding = 4; lastKnownFileType = sourcecode.swift; path = ConvsersationViewController.swift; sourceTree = "<group>"; };
		5E680C7C1BD8C51700835E18 /* Base */ = {isa = PBXFileReference; lastKnownFileType = file.storyboard; name = Base; path = Base.lproj/conversation.storyboard; sourceTree = "<group>"; };
		5E680C7E1BD8C53E00835E18 /* contact.storyboard */ = {isa = PBXFileReference; fileEncoding = 4; lastKnownFileType = file.storyboard; path = contact.storyboard; sourceTree = "<group>"; };
		5EB3EBEC1BD49B07006A55AA /* CanXin1.app */ = {isa = PBXFileReference; explicitFileType = wrapper.application; includeInIndex = 0; path = CanXin1.app; sourceTree = BUILT_PRODUCTS_DIR; };
		5EB3EBEF1BD49B07006A55AA /* AppDelegate.swift */ = {isa = PBXFileReference; lastKnownFileType = sourcecode.swift; path = AppDelegate.swift; sourceTree = "<group>"; };
		5EB3EBF11BD49B07006A55AA /* ViewController.swift */ = {isa = PBXFileReference; lastKnownFileType = sourcecode.swift; path = ViewController.swift; sourceTree = "<group>"; };
		5EB3EBF61BD49B07006A55AA /* Assets.xcassets */ = {isa = PBXFileReference; lastKnownFileType = folder.assetcatalog; path = Assets.xcassets; sourceTree = "<group>"; };
		5EB3EBF91BD49B07006A55AA /* Base */ = {isa = PBXFileReference; lastKnownFileType = file.storyboard; name = Base; path = Base.lproj/LaunchScreen.storyboard; sourceTree = "<group>"; };
		5EB3EBFB1BD49B07006A55AA /* Info.plist */ = {isa = PBXFileReference; lastKnownFileType = text.plist.xml; path = Info.plist; sourceTree = "<group>"; };
		5EB3EC011BD49B19006A55AA /* Podfile */ = {isa = PBXFileReference; fileEncoding = 4; lastKnownFileType = text; path = Podfile; sourceTree = "<group>"; };
		97A99CA197E17A6A6A246B2E /* Pods.debug.xcconfig */ = {isa = PBXFileReference; includeInIndex = 1; lastKnownFileType = text.xcconfig; name = Pods.debug.xcconfig; path = "Pods/Target Support Files/Pods/Pods.debug.xcconfig"; sourceTree = "<group>"; };
/* End PBXFileReference section */

/* Begin PBXFrameworksBuildPhase section */
		5EB3EBE91BD49B07006A55AA /* Frameworks */ = {
			isa = PBXFrameworksBuildPhase;
			buildActionMask = 2147483647;
			files = (
				5E75E260E302906BBFDDB270 /* libPods.a in Frameworks */,
			);
			runOnlyForDeploymentPostprocessing = 0;
		};
/* End PBXFrameworksBuildPhase section */

/* Begin PBXGroup section */
		5EB3EBE31BD49B07006A55AA = {
			isa = PBXGroup;
			children = (
				5EB3EC011BD49B19006A55AA /* Podfile */,
				5EB3EBEE1BD49B07006A55AA /* CanXin1 */,
				5EB3EBED1BD49B07006A55AA /* Products */,
				C2ADD2971ABD6F614187DF68 /* Pods */,
				BE64E2F28A52EB42F7E5FEF8 /* Frameworks */,
			);
			sourceTree = "<group>";
		};
		5EB3EBED1BD49B07006A55AA /* Products */ = {
			isa = PBXGroup;
			children = (
				5EB3EBEC1BD49B07006A55AA /* CanXin1.app */,
			);
			name = Products;
			sourceTree = "<group>";
		};
		5EB3EBEE1BD49B07006A55AA /* CanXin1 */ = {
			isa = PBXGroup;
			children = (
				5EB3EBEF1BD49B07006A55AA /* AppDelegate.swift */,
				5EB3EBF11BD49B07006A55AA /* ViewController.swift */,
				5E680C7E1BD8C53E00835E18 /* contact.storyboard */,
				5E680C7B1BD8C51700835E18 /* conversation.storyboard */,
				5E1CE9341BDA289D003FA036 /* service.storyboard */,
				5E1CE9301BDA2699003FA036 /* Main.storyboard */,
				5E1CE9381BDA2C74003FA036 /* about.storyboard */,
				5E00FC061BD5F276001316E2 /* ConversationListViewController.swift */,
				5E2B55D21BD4ECA700FF5BEE /* ConvsersationViewController.swift */,
				5EB3EBF61BD49B07006A55AA /* Assets.xcassets */,
				5EB3EBF81BD49B07006A55AA /* LaunchScreen.storyboard */,
				5EB3EBFB1BD49B07006A55AA /* Info.plist */,
				5E2B55CF1BD49B9C00FF5BEE /* CanXin1-Bridging-Header.h */,
			);
			path = CanXin1;
			sourceTree = "<group>";
		};
		BE64E2F28A52EB42F7E5FEF8 /* Frameworks */ = {
			isa = PBXGroup;
			children = (
				5D0B5F913B9831C21A9F1A10 /* libPods.a */,
			);
			name = Frameworks;
			sourceTree = "<group>";
		};
		C2ADD2971ABD6F614187DF68 /* Pods */ = {
			isa = PBXGroup;
			children = (
				97A99CA197E17A6A6A246B2E /* Pods.debug.xcconfig */,
				0FA0407436693BAFA041020E /* Pods.release.xcconfig */,
			);
			name = Pods;
			sourceTree = "<group>";
		};
/* End PBXGroup section */

/* Begin PBXNativeTarget section */
		5EB3EBEB1BD49B07006A55AA /* CanXin1 */ = {
			isa = PBXNativeTarget;
			buildConfigurationList = 5EB3EBFE1BD49B07006A55AA /* Build configuration list for PBXNativeTarget "CanXin1" */;
			buildPhases = (
				493E19170C1237A388D512DF /* Check Pods Manifest.lock */,
				5EB3EBE81BD49B07006A55AA /* Sources */,
				5EB3EBE91BD49B07006A55AA /* Frameworks */,
				5EB3EBEA1BD49B07006A55AA /* Resources */,
				8B6AFDF6A54477C587D4422F /* Embed Pods Frameworks */,
				AE229084D2C7880A9E1EC81E /* Copy Pods Resources */,
			);
			buildRules = (
			);
			dependencies = (
			);
			name = CanXin1;
			productName = CanXin1;
			productReference = 5EB3EBEC1BD49B07006A55AA /* CanXin1.app */;
			productType = "com.apple.product-type.application";
		};
/* End PBXNativeTarget section */

/* Begin PBXProject section */
		5EB3EBE41BD49B07006A55AA /* Project object */ = {
			isa = PBXProject;
			attributes = {
				LastSwiftUpdateCheck = 0700;
				LastUpgradeCheck = 0700;
				ORGANIZATIONNAME = HDcat;
				TargetAttributes = {
					5EB3EBEB1BD49B07006A55AA = {
						CreatedOnToolsVersion = 7.0.1;
						DevelopmentTeam = WKE32XMWZM;
					};
				};
			};
			buildConfigurationList = 5EB3EBE71BD49B07006A55AA /* Build configuration list for PBXProject "CanXin1" */;
			compatibilityVersion = "Xcode 3.2";
			developmentRegion = English;
			hasScannedForEncodings = 0;
			knownRegions = (
				en,
				Base,
			);
			mainGroup = 5EB3EBE31BD49B07006A55AA;
			productRefGroup = 5EB3EBED1BD49B07006A55AA /* Products */;
			projectDirPath = "";
			projectRoot = "";
			targets = (
				5EB3EBEB1BD49B07006A55AA /* CanXin1 */,
			);
		};
/* End PBXProject section */

/* Begin PBXResourcesBuildPhase section */
		5EB3EBEA1BD49B07006A55AA /* Resources */ = {
			isa = PBXResourcesBuildPhase;
			buildActionMask = 2147483647;
			files = (
				5E1CE9311BDA2699003FA036 /* Main.storyboard in Resources */,
				5EB3EBFA1BD49B07006A55AA /* LaunchScreen.storyboard in Resources */,
				5E1CE9391BDA2C74003FA036 /* about.storyboard in Resources */,
				5E1CE9351BDA289D003FA036 /* service.storyboard in Resources */,
				5EB3EBF71BD49B07006A55AA /* Assets.xcassets in Resources */,
				5EB3EC021BD49B19006A55AA /* Podfile in Resources */,
				5E680C7D1BD8C51700835E18 /* conversation.storyboard in Resources */,
				5E680C7F1BD8C53E00835E18 /* contact.storyboard in Resources */,
			);
			runOnlyForDeploymentPostprocessing = 0;
		};
/* End PBXResourcesBuildPhase section */

/* Begin PBXShellScriptBuildPhase section */
		493E19170C1237A388D512DF /* Check Pods Manifest.lock */ = {
			isa = PBXShellScriptBuildPhase;
			buildActionMask = 2147483647;
			files = (
			);
			inputPaths = (
			);
			name = "Check Pods Manifest.lock";
			outputPaths = (
			);
			runOnlyForDeploymentPostprocessing = 0;
			shellPath = /bin/sh;
			shellScript = "diff \"${PODS_ROOT}/../Podfile.lock\" \"${PODS_ROOT}/Manifest.lock\" > /dev/null\nif [[ $? != 0 ]] ; then\n    cat << EOM\nerror: The sandbox is not in sync with the Podfile.lock. Run 'pod install' or update your CocoaPods installation.\nEOM\n    exit 1\nfi\n";
			showEnvVarsInLog = 0;
		};
		8B6AFDF6A54477C587D4422F /* Embed Pods Frameworks */ = {
			isa = PBXShellScriptBuildPhase;
			buildActionMask = 2147483647;
			files = (
			);
			inputPaths = (
			);
			name = "Embed Pods Frameworks";
			outputPaths = (
			);
			runOnlyForDeploymentPostprocessing = 0;
			shellPath = /bin/sh;
			shellScript = "\"${SRCROOT}/Pods/Target Support Files/Pods/Pods-frameworks.sh\"\n";
			showEnvVarsInLog = 0;
		};
		AE229084D2C7880A9E1EC81E /* Copy Pods Resources */ = {
			isa = PBXShellScriptBuildPhase;
			buildActionMask = 2147483647;
			files = (
			);
			inputPaths = (
			);
			name = "Copy Pods Resources";
			outputPaths = (
			);
			runOnlyForDeploymentPostprocessing = 0;
			shellPath = /bin/sh;
			shellScript = "\"${SRCROOT}/Pods/Target Support Files/Pods/Pods-resources.sh\"\n";
			showEnvVarsInLog = 0;
		};
/* End PBXShellScriptBuildPhase section */

/* Begin PBXSourcesBuildPhase section */
		5EB3EBE81BD49B07006A55AA /* Sources */ = {
			isa = PBXSourcesBuildPhase;
			buildActionMask = 2147483647;
			files = (
				5EB3EBF21BD49B07006A55AA /* ViewController.swift in Sources */,
				5E00FC071BD5F276001316E2 /* ConversationListViewController.swift in Sources */,
				5EB3EBF01BD49B07006A55AA /* AppDelegate.swift in Sources */,
				5E2B55D31BD4ECA700FF5BEE /* ConvsersationViewController.swift in Sources */,
			);
			runOnlyForDeploymentPostprocessing = 0;
		};
/* End PBXSourcesBuildPhase section */

/* Begin PBXVariantGroup section */
		5E680C7B1BD8C51700835E18 /* conversation.storyboard */ = {
			isa = PBXVariantGroup;
			children = (
				5E680C7C1BD8C51700835E18 /* Base */,
			);
			name = conversation.storyboard;
			sourceTree = "<group>";
		};
		5EB3EBF81BD49B07006A55AA /* LaunchScreen.storyboard */ = {
			isa = PBXVariantGroup;
			children = (
				5EB3EBF91BD49B07006A55AA /* Base */,
			);
			name = LaunchScreen.storyboard;
			sourceTree = "<group>";
		};
/* End PBXVariantGroup section */

/* Begin XCBuildConfiguration section */
		5EB3EBFC1BD49B07006A55AA /* Debug */ = {
			isa = XCBuildConfiguration;
			buildSettings = {
				ALWAYS_SEARCH_USER_PATHS = NO;
				CLANG_CXX_LANGUAGE_STANDARD = "gnu++0x";
				CLANG_CXX_LIBRARY = "libc++";
				CLANG_ENABLE_MODULES = YES;
				CLANG_ENABLE_OBJC_ARC = YES;
				CLANG_WARN_BOOL_CONVERSION = YES;
				CLANG_WARN_CONSTANT_CONVERSION = YES;
				CLANG_WARN_DIRECT_OBJC_ISA_USAGE = YES_ERROR;
				CLANG_WARN_EMPTY_BODY = YES;
				CLANG_WARN_ENUM_CONVERSION = YES;
				CLANG_WARN_INT_CONVERSION = YES;
				CLANG_WARN_OBJC_ROOT_CLASS = YES_ERROR;
				CLANG_WARN_UNREACHABLE_CODE = YES;
				CLANG_WARN__DUPLICATE_METHOD_MATCH = YES;
				"CODE_SIGN_IDENTITY[sdk=iphoneos*]" = "iPhone Developer";
				COPY_PHASE_STRIP = NO;
				DEBUG_INFORMATION_FORMAT = dwarf;
				ENABLE_STRICT_OBJC_MSGSEND = YES;
				ENABLE_TESTABILITY = YES;
				GCC_C_LANGUAGE_STANDARD = gnu99;
				GCC_DYNAMIC_NO_PIC = NO;
				GCC_NO_COMMON_BLOCKS = YES;
				GCC_OPTIMIZATION_LEVEL = 0;
				GCC_PREPROCESSOR_DEFINITIONS = (
					"DEBUG=1",
					"$(inherited)",
				);
				GCC_WARN_64_TO_32_BIT_CONVERSION = YES;
				GCC_WARN_ABOUT_RETURN_TYPE = YES_ERROR;
				GCC_WARN_UNDECLARED_SELECTOR = YES;
				GCC_WARN_UNINITIALIZED_AUTOS = YES_AGGRESSIVE;
				GCC_WARN_UNUSED_FUNCTION = YES;
				GCC_WARN_UNUSED_VARIABLE = YES;
				IPHONEOS_DEPLOYMENT_TARGET = 9.0;
				MTL_ENABLE_DEBUG_INFO = YES;
				ONLY_ACTIVE_ARCH = YES;
				SDKROOT = iphoneos;
				SWIFT_OPTIMIZATION_LEVEL = "-Onone";
				TARGETED_DEVICE_FAMILY = "1,2";
			};
			name = Debug;
		};
		5EB3EBFD1BD49B07006A55AA /* Release */ = {
			isa = XCBuildConfiguration;
			buildSettings = {
				ALWAYS_SEARCH_USER_PATHS = NO;
				CLANG_CXX_LANGUAGE_STANDARD = "gnu++0x";
				CLANG_CXX_LIBRARY = "libc++";
				CLANG_ENABLE_MODULES = YES;
				CLANG_ENABLE_OBJC_ARC = YES;
				CLANG_WARN_BOOL_CONVERSION = YES;
				CLANG_WARN_CONSTANT_CONVERSION = YES;
				CLANG_WARN_DIRECT_OBJC_ISA_USAGE = YES_ERROR;
				CLANG_WARN_EMPTY_BODY = YES;
				CLANG_WARN_ENUM_CONVERSION = YES;
				CLANG_WARN_INT_CONVERSION = YES;
				CLANG_WARN_OBJC_ROOT_CLASS = YES_ERROR;
				CLANG_WARN_UNREACHABLE_CODE = YES;
				CLANG_WARN__DUPLICATE_METHOD_MATCH = YES;
				"CODE_SIGN_IDENTITY[sdk=iphoneos*]" = "iPhone Developer";
				COPY_PHASE_STRIP = NO;
				DEBUG_INFORMATION_FORMAT = "dwarf-with-dsym";
				ENABLE_NS_ASSERTIONS = NO;
				ENABLE_STRICT_OBJC_MSGSEND = YES;
				GCC_C_LANGUAGE_STANDARD = gnu99;
				GCC_NO_COMMON_BLOCKS = YES;
				GCC_WARN_64_TO_32_BIT_CONVERSION = YES;
				GCC_WARN_ABOUT_RETURN_TYPE = YES_ERROR;
				GCC_WARN_UNDECLARED_SELECTOR = YES;
				GCC_WARN_UNINITIALIZED_AUTOS = YES_AGGRESSIVE;
				GCC_WARN_UNUSED_FUNCTION = YES;
				GCC_WARN_UNUSED_VARIABLE = YES;
				IPHONEOS_DEPLOYMENT_TARGET = 9.0;
				MTL_ENABLE_DEBUG_INFO = NO;
				SDKROOT = iphoneos;
				TARGETED_DEVICE_FAMILY = "1,2";
				VALIDATE_PRODUCT = YES;
			};
			name = Release;
		};
		5EB3EBFF1BD49B07006A55AA /* Debug */ = {
			isa = XCBuildConfiguration;
			baseConfigurationReference = 97A99CA197E17A6A6A246B2E /* Pods.debug.xcconfig */;
			buildSettings = {
				ASSETCATALOG_COMPILER_APPICON_NAME = AppIcon;
				CLANG_ENABLE_MODULES = YES;
				INFOPLIST_FILE = CanXin1/Info.plist;
				IPHONEOS_DEPLOYMENT_TARGET = 9.0;
				LD_RUNPATH_SEARCH_PATHS = "$(inherited) @executable_path/Frameworks";
				PRODUCT_BUNDLE_IDENTIFIER = com.loho.CanXin1;
				PRODUCT_NAME = "$(TARGET_NAME)";
				SWIFT_OBJC_BRIDGING_HEADER = "CanXin1/CanXin1-Bridging-Header.h";
				SWIFT_OPTIMIZATION_LEVEL = "-Onone";
			};
			name = Debug;
		};
		5EB3EC001BD49B07006A55AA /* Release */ = {
			isa = XCBuildConfiguration;
			baseConfigurationReference = 0FA0407436693BAFA041020E /* Pods.release.xcconfig */;
			buildSettings = {
				ASSETCATALOG_COMPILER_APPICON_NAME = AppIcon;
				CLANG_ENABLE_MODULES = YES;
				INFOPLIST_FILE = CanXin1/Info.plist;
				IPHONEOS_DEPLOYMENT_TARGET = 9.0;
				LD_RUNPATH_SEARCH_PATHS = "$(inherited) @executable_path/Frameworks";
				PRODUCT_BUNDLE_IDENTIFIER = com.loho.CanXin1;
				PRODUCT_NAME = "$(TARGET_NAME)";
				SWIFT_OBJC_BRIDGING_HEADER = "CanXin1/CanXin1-Bridging-Header.h";
			};
			name = Release;
		};
/* End XCBuildConfiguration section */

/* Begin XCConfigurationList section */
		5EB3EBE71BD49B07006A55AA /* Build configuration list for PBXProject "CanXin1" */ = {
			isa = XCConfigurationList;
			buildConfigurations = (
				5EB3EBFC1BD49B07006A55AA /* Debug */,
				5EB3EBFD1BD49B07006A55AA /* Release */,
			);
			defaultConfigurationIsVisible = 0;
			defaultConfigurationName = Release;
		};
		5EB3EBFE1BD49B07006A55AA /* Build configuration list for PBXNativeTarget "CanXin1" */ = {
			isa = XCConfigurationList;
			buildConfigurations = (
				5EB3EBFF1BD49B07006A55AA /* Debug */,
				5EB3EC001BD49B07006A55AA /* Release */,
			);
			defaultConfigurationIsVisible = 0;
			defaultConfigurationName = Release;
		};
/* End XCConfigurationList section */
	};
	rootObject = 5EB3EBE41BD49B07006A55AA /* Project object */;
}
